{
  "version": 4,
  "terraform_version": "1.9.5",
  "serial": 451,
  "lineage": "57e4caa3-626f-9cc5-eaa8-177cf9f3d657",
  "outputs": {
    "all-availability-domains-in-tenancy": {
      "value": [
        {
          "compartment_id": "ocid1.tenancy.oc1..aaaaaaaaqhtxzpdsd4ioh5vrlatxq7pkvh2yupbwkb7djlkrkaclwj6cc47q",
          "id": "ocid1.availabilitydomain.oc1..aaaaaaaay5nesbty7quxigdwtp7axotkcglzi43jvfrnwvbv4dgjerqwxf5a",
          "name": "llHc:SA-SAOPAULO-1-AD-1"
        }
      ],
      "type": [
        "list",
        [
          "object",
          {
            "compartment_id": "string",
            "id": "string",
            "name": "string"
          }
        ]
      ]
    },
    "apps-compartment-OCID": {
      "value": "ocid1.compartment.oc1..aaaaaaaanhyfznlyx3q2l3wqgcg4ek4clcpuouvfd6pdocoxmhq2c6fyzyja",
      "type": "string"
    },
    "apps-compartment-name": {
      "value": "apps",
      "type": "string"
    },
    "netw-compartment-OCID": {
      "value": "ocid1.compartment.oc1..aaaaaaaaqoyfpadcmcmxn6jdqgwbknsa6glxpxt2kuogddgn4qqknbttrmwa",
      "type": "string"
    },
    "netw-compartment-name": {
      "value": "apps-network",
      "type": "string"
    },
    "public-ip-for-compute-instance": {
      "value": "168.138.242.163",
      "type": "string"
    },
    "vcn_id": {
      "value": "ocid1.vcn.oc1.sa-saopaulo-1.amaaaaaayoypu6iaq6wzub2j63mvx3iifw3qyyqwdknto5l3ai7xxepwogua",
      "type": "string"
    },
    "vms-compartment-OCID": {
      "value": "ocid1.compartment.oc1..aaaaaaaamc5nbw3gwl2xpwu67rtthaainwwoyg6xia3nngsepjgug5pognqq",
      "type": "string"
    },
    "vms-compartment-name": {
      "value": "apps-vms",
      "type": "string"
    }
  },
  "resources": [
    {
      "mode": "data",
      "type": "oci_identity_availability_domains",
      "name": "ads",
      "provider": "provider[\"registry.terraform.io/hashicorp/oci\"]",
      "instances": [
        {
          "schema_version": 0,
          "attributes": {
            "availability_domains": [
              {
                "compartment_id": "ocid1.tenancy.oc1..aaaaaaaaqhtxzpdsd4ioh5vrlatxq7pkvh2yupbwkb7djlkrkaclwj6cc47q",
                "id": "ocid1.availabilitydomain.oc1..aaaaaaaay5nesbty7quxigdwtp7axotkcglzi43jvfrnwvbv4dgjerqwxf5a",
                "name": "llHc:SA-SAOPAULO-1-AD-1"
              }
            ],
            "compartment_id": "ocid1.tenancy.oc1..aaaaaaaaqhtxzpdsd4ioh5vrlatxq7pkvh2yupbwkb7djlkrkaclwj6cc47q",
            "filter": null,
            "id": "IdentityAvailabilityDomainsDataSource-106374535"
          },
          "sensitive_attributes": []
        }
      ]
    },
    {
      "mode": "data",
      "type": "template_file",
      "name": "cloud-init",
      "provider": "provider[\"registry.terraform.io/hashicorp/template\"]",
      "instances": [
        {
          "schema_version": 0,
          "attributes": {
            "filename": null,
            "id": "4668ee3c3c22bd6eebd3c37d9077a9a6b50e92eea8083e31bcd7819ec1133af2",
            "rendered": "#cloud-config\npackage_update: true\npackages:\n  - nano\nruncmd:\n - echo 'This instance was provisioned by Terraform.' \u003e\u003e /etc/motd",
            "template": "#cloud-config\npackage_update: true\npackages:\n  - nano\nruncmd:\n - echo 'This instance was provisioned by Terraform.' \u003e\u003e /etc/motd",
            "vars": null
          },
          "sensitive_attributes": []
        }
      ]
    },
    {
      "mode": "managed",
      "type": "oci_core_instance",
      "name": "apps-vm-1",
      "provider": "provider[\"registry.terraform.io/hashicorp/oci\"]",
      "instances": [
        {
          "schema_version": 0,
          "attributes": {
            "agent_config": [
              {
                "are_all_plugins_disabled": false,
                "is_management_disabled": false,
                "is_monitoring_disabled": false,
                "plugins_config": []
              }
            ],
            "async": null,
            "availability_config": [
              {
                "is_live_migration_preferred": false,
                "recovery_action": "RESTORE_INSTANCE"
              }
            ],
            "availability_domain": "llHc:SA-SAOPAULO-1-AD-1",
            "boot_volume_id": "ocid1.bootvolume.oc1.sa-saopaulo-1.abtxeljrmsotgymjlvcwgvd6qtc3gcyqojpq5vuxhxuwcbiirv4yicdceacq",
            "capacity_reservation_id": null,
            "cluster_placement_group_id": null,
            "compartment_id": "ocid1.compartment.oc1..aaaaaaaamc5nbw3gwl2xpwu67rtthaainwwoyg6xia3nngsepjgug5pognqq",
            "compute_cluster_id": null,
            "create_vnic_details": [
              {
                "assign_ipv6ip": false,
                "assign_private_dns_record": false,
                "assign_public_ip": "true",
                "defined_tags": {
                  "Oracle-Tags.CreatedBy": "default/joao.anderson.af@gmail.com",
                  "Oracle-Tags.CreatedOn": "2024-09-17T02:25:47.707Z"
                },
                "display_name": "apps-vm-1",
                "freeform_tags": {},
                "hostname_label": "",
                "ipv6address_ipv6subnet_cidr_pair_details": [],
                "nsg_ids": [],
                "private_ip": "10.0.2.77",
                "skip_source_dest_check": false,
                "subnet_id": "ocid1.subnet.oc1.sa-saopaulo-1.aaaaaaaarsxnrj7k2mzhhkff53k7ndlmmawdpfcihvcq5b2hqcfizuu5nq3a",
                "vlan_id": ""
              }
            ],
            "dedicated_vm_host_id": null,
            "defined_tags": {
              "Oracle-Tags.CreatedBy": "default/joao.anderson.af@gmail.com",
              "Oracle-Tags.CreatedOn": "2024-09-17T02:25:47.564Z"
            },
            "display_name": "apps-vm-1",
            "extended_metadata": {},
            "fault_domain": "FAULT-DOMAIN-1",
            "freeform_tags": {},
            "hostname_label": "",
            "id": "ocid1.instance.oc1.sa-saopaulo-1.antxeljryoypu6icobuoj65r35o7sb2azznsegftusnvhd4a5kfrkuyrqhuq",
            "image": "ocid1.image.oc1.sa-saopaulo-1.aaaaaaaaeor33zqzryd3smqgyg2arr4whsuobbtlwzxazovoto5vjnckaacq",
            "instance_configuration_id": null,
            "instance_options": [
              {
                "are_legacy_imds_endpoints_disabled": false
              }
            ],
            "ipxe_script": null,
            "is_cross_numa_node": false,
            "is_pv_encryption_in_transit_enabled": null,
            "launch_mode": "PARAVIRTUALIZED",
            "launch_options": [
              {
                "boot_volume_type": "PARAVIRTUALIZED",
                "firmware": "UEFI_64",
                "is_consistent_volume_naming_enabled": true,
                "is_pv_encryption_in_transit_enabled": false,
                "network_type": "PARAVIRTUALIZED",
                "remote_data_volume_type": "PARAVIRTUALIZED"
              }
            ],
            "launch_volume_attachments": null,
            "metadata": {
              "ssh_authorized_keys": "ssh-ed25519 AAAAC3NzaC1lZDI1NTE5AAAAIJoNdl0x5mBonz4gIbVwjo03tlwGO4eyESNC0pP6Qdwr joao.anderson.af@gmail.com\necdsa-sha2-nistp521 AAAAE2VjZHNhLXNoYTItbmlzdHA1MjEAAAAIbmlzdHA1MjEAAACFBAA1Vu24108sDsZRigTL0s1vaD86c0B0a0hExET439bp7itgkoSEMNv7yr7PygNqeT5Lq8zzM9kje+6Tl5gbfgFQGwFtciOLAm/Uk3LLzWJ5VT61cvny8g8AiXNyej1IcePcBmIXe9udIfxLdzGrLLvvbgFmxVNUDO3QSG9yBS9QwSVKUw== “oci_cloudshell_key”\n",
              "user_data": "I2Nsb3VkLWNvbmZpZwpwYWNrYWdlX3VwZGF0ZTogdHJ1ZQpwYWNrYWdlczoKICAtIG5hbm8KcnVuY21kOgogLSBlY2hvICdUaGlzIGluc3RhbmNlIHdhcyBwcm92aXNpb25lZCBieSBUZXJyYWZvcm0uJyA+PiAvZXRjL21vdGQ="
            },
            "platform_config": [],
            "preemptible_instance_config": [],
            "preserve_boot_volume": false,
            "preserve_data_volumes_created_at_launch": null,
            "private_ip": "10.0.2.77",
            "public_ip": "168.138.242.163",
            "region": "sa-saopaulo-1",
            "shape": "VM.Standard.A1.Flex",
            "shape_config": [
              {
                "baseline_ocpu_utilization": "",
                "gpu_description": "",
                "gpus": 0,
                "local_disk_description": "",
                "local_disks": 0,
                "local_disks_total_size_in_gbs": 0,
                "max_vnic_attachments": 2,
                "memory_in_gbs": 3,
                "networking_bandwidth_in_gbps": 1,
                "nvmes": 0,
                "ocpus": 1,
                "processor_description": "3.0 GHz Ampere® Altra™",
                "vcpus": 1
              }
            ],
            "source_details": [
              {
                "boot_volume_size_in_gbs": "47",
                "boot_volume_vpus_per_gb": "10",
                "instance_source_image_filter_details": [],
                "is_preserve_boot_volume_enabled": false,
                "kms_key_id": "",
                "source_id": "ocid1.image.oc1.sa-saopaulo-1.aaaaaaaaeor33zqzryd3smqgyg2arr4whsuobbtlwzxazovoto5vjnckaacq",
                "source_type": "image"
              }
            ],
            "state": "RUNNING",
            "subnet_id": "ocid1.subnet.oc1.sa-saopaulo-1.aaaaaaaarsxnrj7k2mzhhkff53k7ndlmmawdpfcihvcq5b2hqcfizuu5nq3a",
            "system_tags": {},
            "time_created": "2024-09-17 02:25:48.125 +0000 UTC",
            "time_maintenance_reboot_due": "",
            "timeouts": null,
            "update_operation_constraint": null
          },
          "sensitive_attributes": [],
          "private": "eyJlMmJmYjczMC1lY2FhLTExZTYtOGY4OC0zNDM2M2JjN2M0YzAiOnsiY3JlYXRlIjoyNzAwMDAwMDAwMDAwLCJkZWxldGUiOjQ1MDAwMDAwMDAwMDAsInVwZGF0ZSI6MjcwMDAwMDAwMDAwMH19",
          "dependencies": [
            "data.oci_identity_availability_domains.ads",
            "data.template_file.cloud-init",
            "module.vcn.oci_core_internet_gateway.ig",
            "module.vcn.oci_core_local_peering_gateway.lpg",
            "module.vcn.oci_core_route_table.ig",
            "module.vcn.oci_core_vcn.vcn",
            "oci_core_security_list.public-security-list",
            "oci_core_subnet.vcn-public-subnet",
            "oci_identity_compartment.apps-compartment",
            "oci_identity_compartment.apps-netw-compartment",
            "oci_identity_compartment.apps-vms-compartment"
          ]
        }
      ]
    },
    {
      "mode": "managed",
      "type": "oci_core_security_list",
      "name": "private-security-list",
      "provider": "provider[\"registry.terraform.io/hashicorp/oci\"]",
      "instances": [
        {
          "schema_version": 0,
          "attributes": {
            "compartment_id": "ocid1.compartment.oc1..aaaaaaaaqoyfpadcmcmxn6jdqgwbknsa6glxpxt2kuogddgn4qqknbttrmwa",
            "defined_tags": {
              "Oracle-Tags.CreatedBy": "default/joao.anderson.af@gmail.com",
              "Oracle-Tags.CreatedOn": "2024-09-17T02:25:44.507Z"
            },
            "display_name": "private-security-list",
            "egress_security_rules": [
              {
                "description": "",
                "destination": "0.0.0.0/0",
                "destination_type": "CIDR_BLOCK",
                "icmp_options": [],
                "protocol": "all",
                "stateless": false,
                "tcp_options": [],
                "udp_options": []
              }
            ],
            "freeform_tags": {},
            "id": "ocid1.securitylist.oc1.sa-saopaulo-1.aaaaaaaaku4oehaxaqwwdgkl7eg4g3zid37qbshoqj6nsjnsnjios3zc77aa",
            "ingress_security_rules": [
              {
                "description": "",
                "icmp_options": [
                  {
                    "code": -1,
                    "type": 3
                  }
                ],
                "protocol": "1",
                "source": "10.0.0.0/16",
                "source_type": "CIDR_BLOCK",
                "stateless": false,
                "tcp_options": [],
                "udp_options": []
              },
              {
                "description": "",
                "icmp_options": [
                  {
                    "code": 4,
                    "type": 3
                  }
                ],
                "protocol": "1",
                "source": "0.0.0.0/0",
                "source_type": "CIDR_BLOCK",
                "stateless": false,
                "tcp_options": [],
                "udp_options": []
              },
              {
                "description": "",
                "icmp_options": [],
                "protocol": "6",
                "source": "10.0.0.0/16",
                "source_type": "CIDR_BLOCK",
                "stateless": false,
                "tcp_options": [
                  {
                    "max": 22,
                    "min": 22,
                    "source_port_range": []
                  }
                ],
                "udp_options": []
              }
            ],
            "state": "AVAILABLE",
            "time_created": "2024-09-17 02:25:44.567 +0000 UTC",
            "timeouts": null,
            "vcn_id": "ocid1.vcn.oc1.sa-saopaulo-1.amaaaaaayoypu6iaq6wzub2j63mvx3iifw3qyyqwdknto5l3ai7xxepwogua"
          },
          "sensitive_attributes": [],
          "private": "eyJlMmJmYjczMC1lY2FhLTExZTYtOGY4OC0zNDM2M2JjN2M0YzAiOnsiY3JlYXRlIjoxMjAwMDAwMDAwMDAwLCJkZWxldGUiOjEyMDAwMDAwMDAwMDAsInVwZGF0ZSI6MTIwMDAwMDAwMDAwMH19",
          "dependencies": [
            "module.vcn.oci_core_vcn.vcn",
            "oci_identity_compartment.apps-compartment",
            "oci_identity_compartment.apps-netw-compartment"
          ]
        }
      ]
    },
    {
      "mode": "managed",
      "type": "oci_core_security_list",
      "name": "public-security-list",
      "provider": "provider[\"registry.terraform.io/hashicorp/oci\"]",
      "instances": [
        {
          "schema_version": 0,
          "attributes": {
            "compartment_id": "ocid1.compartment.oc1..aaaaaaaaqoyfpadcmcmxn6jdqgwbknsa6glxpxt2kuogddgn4qqknbttrmwa",
            "defined_tags": {
              "Oracle-Tags.CreatedBy": "default/joao.anderson.af@gmail.com",
              "Oracle-Tags.CreatedOn": "2024-09-17T02:25:44.539Z"
            },
            "display_name": "public-security-list",
            "egress_security_rules": [
              {
                "description": "",
                "destination": "0.0.0.0/0",
                "destination_type": "CIDR_BLOCK",
                "icmp_options": [],
                "protocol": "all",
                "stateless": false,
                "tcp_options": [],
                "udp_options": []
              }
            ],
            "freeform_tags": {},
            "id": "ocid1.securitylist.oc1.sa-saopaulo-1.aaaaaaaad4jheh7jlzoil7j3guxpfwmknwvgiwpr3kl6qg5f6iqoozvhqeca",
            "ingress_security_rules": [
              {
                "description": "",
                "icmp_options": [
                  {
                    "code": -1,
                    "type": 3
                  }
                ],
                "protocol": "1",
                "source": "10.0.0.0/16",
                "source_type": "CIDR_BLOCK",
                "stateless": false,
                "tcp_options": [],
                "udp_options": []
              },
              {
                "description": "",
                "icmp_options": [
                  {
                    "code": 4,
                    "type": 3
                  }
                ],
                "protocol": "1",
                "source": "0.0.0.0/0",
                "source_type": "CIDR_BLOCK",
                "stateless": false,
                "tcp_options": [],
                "udp_options": []
              },
              {
                "description": "",
                "icmp_options": [],
                "protocol": "6",
                "source": "0.0.0.0/0",
                "source_type": "CIDR_BLOCK",
                "stateless": false,
                "tcp_options": [
                  {
                    "max": 22,
                    "min": 22,
                    "source_port_range": []
                  }
                ],
                "udp_options": []
              }
            ],
            "state": "AVAILABLE",
            "time_created": "2024-09-17 02:25:44.587 +0000 UTC",
            "timeouts": null,
            "vcn_id": "ocid1.vcn.oc1.sa-saopaulo-1.amaaaaaayoypu6iaq6wzub2j63mvx3iifw3qyyqwdknto5l3ai7xxepwogua"
          },
          "sensitive_attributes": [],
          "private": "eyJlMmJmYjczMC1lY2FhLTExZTYtOGY4OC0zNDM2M2JjN2M0YzAiOnsiY3JlYXRlIjoxMjAwMDAwMDAwMDAwLCJkZWxldGUiOjEyMDAwMDAwMDAwMDAsInVwZGF0ZSI6MTIwMDAwMDAwMDAwMH19",
          "dependencies": [
            "module.vcn.oci_core_vcn.vcn",
            "oci_identity_compartment.apps-compartment",
            "oci_identity_compartment.apps-netw-compartment"
          ]
        }
      ]
    },
    {
      "mode": "managed",
      "type": "oci_core_subnet",
      "name": "vcn-private-subnet",
      "provider": "provider[\"registry.terraform.io/hashicorp/oci\"]",
      "instances": [
        {
          "schema_version": 0,
          "attributes": {
            "availability_domain": null,
            "cidr_block": "10.0.1.0/24",
            "compartment_id": "ocid1.compartment.oc1..aaaaaaaaqoyfpadcmcmxn6jdqgwbknsa6glxpxt2kuogddgn4qqknbttrmwa",
            "defined_tags": {
              "Oracle-Tags.CreatedBy": "default/joao.anderson.af@gmail.com",
              "Oracle-Tags.CreatedOn": "2024-09-17T02:25:47.664Z"
            },
            "dhcp_options_id": "ocid1.dhcpoptions.oc1.sa-saopaulo-1.aaaaaaaaq5dehqadhlhqrtm5smox67c37kkmrrn6q3b7nsbnzilpnsqh5upa",
            "display_name": "private-subnet",
            "dns_label": null,
            "freeform_tags": {},
            "id": "ocid1.subnet.oc1.sa-saopaulo-1.aaaaaaaaurcfl2z6mcw47ygpojsx3mw34viniqjvr3ol2zsnhjihvbruqwgq",
            "ipv6cidr_block": null,
            "ipv6cidr_blocks": [],
            "ipv6virtual_router_ip": null,
            "prohibit_internet_ingress": false,
            "prohibit_public_ip_on_vnic": false,
            "route_table_id": "ocid1.routetable.oc1.sa-saopaulo-1.aaaaaaaajyfxp3ugviqrhvqduhbaq4up2bjd2hcjdelenvqg6f67kye43f7a",
            "security_list_ids": [
              "ocid1.securitylist.oc1.sa-saopaulo-1.aaaaaaaaku4oehaxaqwwdgkl7eg4g3zid37qbshoqj6nsjnsnjios3zc77aa"
            ],
            "state": "AVAILABLE",
            "subnet_domain_name": null,
            "time_created": "2024-09-17 02:25:47.703 +0000 UTC",
            "timeouts": null,
            "vcn_id": "ocid1.vcn.oc1.sa-saopaulo-1.amaaaaaayoypu6iaq6wzub2j63mvx3iifw3qyyqwdknto5l3ai7xxepwogua",
            "virtual_router_ip": "10.0.1.1",
            "virtual_router_mac": "00:00:17:A0:EA:9A"
          },
          "sensitive_attributes": [],
          "private": "eyJlMmJmYjczMC1lY2FhLTExZTYtOGY4OC0zNDM2M2JjN2M0YzAiOnsiY3JlYXRlIjoxMjAwMDAwMDAwMDAwLCJkZWxldGUiOjEyMDAwMDAwMDAwMDAsInVwZGF0ZSI6MTIwMDAwMDAwMDAwMH19",
          "dependencies": [
            "module.vcn.data.oci_core_services.all_oci_services",
            "module.vcn.oci_core_local_peering_gateway.lpg",
            "module.vcn.oci_core_nat_gateway.nat_gateway",
            "module.vcn.oci_core_route_table.nat",
            "module.vcn.oci_core_service_gateway.service_gateway",
            "module.vcn.oci_core_vcn.vcn",
            "oci_core_security_list.private-security-list",
            "oci_identity_compartment.apps-compartment",
            "oci_identity_compartment.apps-netw-compartment"
          ]
        }
      ]
    },
    {
      "mode": "managed",
      "type": "oci_core_subnet",
      "name": "vcn-public-subnet",
      "provider": "provider[\"registry.terraform.io/hashicorp/oci\"]",
      "instances": [
        {
          "schema_version": 0,
          "attributes": {
            "availability_domain": null,
            "cidr_block": "10.0.2.0/24",
            "compartment_id": "ocid1.compartment.oc1..aaaaaaaaqoyfpadcmcmxn6jdqgwbknsa6glxpxt2kuogddgn4qqknbttrmwa",
            "defined_tags": {
              "Oracle-Tags.CreatedBy": "default/joao.anderson.af@gmail.com",
              "Oracle-Tags.CreatedOn": "2024-09-17T02:25:45.811Z"
            },
            "dhcp_options_id": "ocid1.dhcpoptions.oc1.sa-saopaulo-1.aaaaaaaaq5dehqadhlhqrtm5smox67c37kkmrrn6q3b7nsbnzilpnsqh5upa",
            "display_name": "public-subnet",
            "dns_label": null,
            "freeform_tags": {},
            "id": "ocid1.subnet.oc1.sa-saopaulo-1.aaaaaaaarsxnrj7k2mzhhkff53k7ndlmmawdpfcihvcq5b2hqcfizuu5nq3a",
            "ipv6cidr_block": null,
            "ipv6cidr_blocks": [],
            "ipv6virtual_router_ip": null,
            "prohibit_internet_ingress": false,
            "prohibit_public_ip_on_vnic": false,
            "route_table_id": "ocid1.routetable.oc1.sa-saopaulo-1.aaaaaaaabmdt66nvzij2a57qy2kaa4ordk22uiukqyl6pvziobs3vlq4pela",
            "security_list_ids": [
              "ocid1.securitylist.oc1.sa-saopaulo-1.aaaaaaaad4jheh7jlzoil7j3guxpfwmknwvgiwpr3kl6qg5f6iqoozvhqeca"
            ],
            "state": "AVAILABLE",
            "subnet_domain_name": null,
            "time_created": "2024-09-17 02:25:45.894 +0000 UTC",
            "timeouts": null,
            "vcn_id": "ocid1.vcn.oc1.sa-saopaulo-1.amaaaaaayoypu6iaq6wzub2j63mvx3iifw3qyyqwdknto5l3ai7xxepwogua",
            "virtual_router_ip": "10.0.2.1",
            "virtual_router_mac": "00:00:17:A0:EA:9A"
          },
          "sensitive_attributes": [],
          "private": "eyJlMmJmYjczMC1lY2FhLTExZTYtOGY4OC0zNDM2M2JjN2M0YzAiOnsiY3JlYXRlIjoxMjAwMDAwMDAwMDAwLCJkZWxldGUiOjEyMDAwMDAwMDAwMDAsInVwZGF0ZSI6MTIwMDAwMDAwMDAwMH19",
          "dependencies": [
            "module.vcn.oci_core_internet_gateway.ig",
            "module.vcn.oci_core_local_peering_gateway.lpg",
            "module.vcn.oci_core_route_table.ig",
            "module.vcn.oci_core_vcn.vcn",
            "oci_core_security_list.public-security-list",
            "oci_identity_compartment.apps-compartment",
            "oci_identity_compartment.apps-netw-compartment"
          ]
        }
      ]
    },
    {
      "mode": "managed",
      "type": "oci_identity_compartment",
      "name": "apps-compartment",
      "provider": "provider[\"registry.terraform.io/hashicorp/oci\"]",
      "instances": [
        {
          "schema_version": 0,
          "attributes": {
            "compartment_id": "ocid1.tenancy.oc1..aaaaaaaaqhtxzpdsd4ioh5vrlatxq7pkvh2yupbwkb7djlkrkaclwj6cc47q",
            "defined_tags": {
              "Oracle-Tags.CreatedBy": "default/joao.anderson.af@gmail.com",
              "Oracle-Tags.CreatedOn": "2024-08-25T20:59:55.928Z"
            },
            "description": "Compartimento de Aplicações",
            "enable_delete": null,
            "freeform_tags": {},
            "id": "ocid1.compartment.oc1..aaaaaaaanhyfznlyx3q2l3wqgcg4ek4clcpuouvfd6pdocoxmhq2c6fyzyja",
            "inactive_state": null,
            "is_accessible": true,
            "name": "apps",
            "state": "ACTIVE",
            "time_created": "2024-08-25 20:59:55.996 +0000 UTC",
            "timeouts": null
          },
          "sensitive_attributes": [],
          "private": "eyJlMmJmYjczMC1lY2FhLTExZTYtOGY4OC0zNDM2M2JjN2M0YzAiOnsiZGVsZXRlIjo1NDAwMDAwMDAwMDAwfX0="
        }
      ]
    },
    {
      "mode": "managed",
      "type": "oci_identity_compartment",
      "name": "apps-netw-compartment",
      "provider": "provider[\"registry.terraform.io/hashicorp/oci\"]",
      "instances": [
        {
          "schema_version": 0,
          "attributes": {
            "compartment_id": "ocid1.compartment.oc1..aaaaaaaanhyfznlyx3q2l3wqgcg4ek4clcpuouvfd6pdocoxmhq2c6fyzyja",
            "defined_tags": {
              "Oracle-Tags.CreatedBy": "default/joao.anderson.af@gmail.com",
              "Oracle-Tags.CreatedOn": "2024-08-25T21:00:05.696Z"
            },
            "description": "Compartimento de Rede",
            "enable_delete": null,
            "freeform_tags": {},
            "id": "ocid1.compartment.oc1..aaaaaaaaqoyfpadcmcmxn6jdqgwbknsa6glxpxt2kuogddgn4qqknbttrmwa",
            "inactive_state": null,
            "is_accessible": true,
            "name": "apps-network",
            "state": "ACTIVE",
            "time_created": "2024-08-25 21:00:05.955 +0000 UTC",
            "timeouts": null
          },
          "sensitive_attributes": [],
          "private": "eyJlMmJmYjczMC1lY2FhLTExZTYtOGY4OC0zNDM2M2JjN2M0YzAiOnsiZGVsZXRlIjo1NDAwMDAwMDAwMDAwfX0=",
          "dependencies": [
            "oci_identity_compartment.apps-compartment"
          ]
        }
      ]
    },
    {
      "mode": "managed",
      "type": "oci_identity_compartment",
      "name": "apps-vms-compartment",
      "provider": "provider[\"registry.terraform.io/hashicorp/oci\"]",
      "instances": [
        {
          "schema_version": 0,
          "attributes": {
            "compartment_id": "ocid1.compartment.oc1..aaaaaaaanhyfznlyx3q2l3wqgcg4ek4clcpuouvfd6pdocoxmhq2c6fyzyja",
            "defined_tags": {
              "Oracle-Tags.CreatedBy": "default/joao.anderson.af@gmail.com",
              "Oracle-Tags.CreatedOn": "2024-08-25T21:00:05.638Z"
            },
            "description": "Compartimento de VMs",
            "enable_delete": null,
            "freeform_tags": {},
            "id": "ocid1.compartment.oc1..aaaaaaaamc5nbw3gwl2xpwu67rtthaainwwoyg6xia3nngsepjgug5pognqq",
            "inactive_state": null,
            "is_accessible": true,
            "name": "apps-vms",
            "state": "ACTIVE",
            "time_created": "2024-08-25 21:00:06.345 +0000 UTC",
            "timeouts": null
          },
          "sensitive_attributes": [],
          "private": "eyJlMmJmYjczMC1lY2FhLTExZTYtOGY4OC0zNDM2M2JjN2M0YzAiOnsiZGVsZXRlIjo1NDAwMDAwMDAwMDAwfX0=",
          "dependencies": [
            "oci_identity_compartment.apps-compartment"
          ]
        }
      ]
    },
    {
      "module": "module.vcn",
      "mode": "data",
      "type": "oci_core_services",
      "name": "all_oci_services",
      "provider": "provider[\"registry.terraform.io/oracle/oci\"]",
      "instances": [
        {
          "index_key": 0,
          "schema_version": 0,
          "attributes": {
            "filter": [
              {
                "name": "name",
                "regex": true,
                "values": [
                  "All .* Services In Oracle Services Network"
                ]
              }
            ],
            "id": "CoreServicesDataSource-0",
            "services": [
              {
                "cidr_block": "all-gru-services-in-oracle-services-network",
                "description": "All GRU Services In Oracle Services Network",
                "id": "ocid1.service.oc1.sa-saopaulo-1.aaaaaaaacd57uig6rzxm2qfipukbqpje2bhztqszh3aj7zk2jtvf6gvntena",
                "name": "All GRU Services In Oracle Services Network"
              }
            ]
          },
          "sensitive_attributes": []
        }
      ]
    },
    {
      "module": "module.vcn",
      "mode": "managed",
      "type": "oci_core_default_security_list",
      "name": "lockdown",
      "provider": "provider[\"registry.terraform.io/oracle/oci\"]",
      "instances": [
        {
          "index_key": 0,
          "schema_version": 0,
          "attributes": {
            "compartment_id": "ocid1.compartment.oc1..aaaaaaaaqoyfpadcmcmxn6jdqgwbknsa6glxpxt2kuogddgn4qqknbttrmwa",
            "defined_tags": {
              "Oracle-Tags.CreatedBy": "default/joao.anderson.af@gmail.com",
              "Oracle-Tags.CreatedOn": "2024-09-17T02:25:43.609Z"
            },
            "display_name": "Default Security List for vcn-apps",
            "egress_security_rules": [],
            "freeform_tags": {
              "module": "oracle-terraform-modules/vcn/oci",
              "terraformed": "Please do not edit manually"
            },
            "id": "ocid1.securitylist.oc1.sa-saopaulo-1.aaaaaaaarvx7k4techylacq66kvj7m2enees7y4look5xxon7nq6uctmjzha",
            "ingress_security_rules": [],
            "manage_default_resource_id": "ocid1.securitylist.oc1.sa-saopaulo-1.aaaaaaaarvx7k4techylacq66kvj7m2enees7y4look5xxon7nq6uctmjzha",
            "state": "AVAILABLE",
            "time_created": "2024-09-17 02:25:43.692 +0000 UTC",
            "timeouts": null
          },
          "sensitive_attributes": [],
          "private": "eyJlMmJmYjczMC1lY2FhLTExZTYtOGY4OC0zNDM2M2JjN2M0YzAiOnsiY3JlYXRlIjoxMjAwMDAwMDAwMDAwLCJkZWxldGUiOjEyMDAwMDAwMDAwMDAsInVwZGF0ZSI6MTIwMDAwMDAwMDAwMH19",
          "dependencies": [
            "module.vcn.oci_core_vcn.vcn",
            "oci_identity_compartment.apps-compartment",
            "oci_identity_compartment.apps-netw-compartment"
          ]
        }
      ]
    },
    {
      "module": "module.vcn",
      "mode": "managed",
      "type": "oci_core_internet_gateway",
      "name": "ig",
      "provider": "provider[\"registry.terraform.io/oracle/oci\"]",
      "instances": [
        {
          "index_key": 0,
          "schema_version": 0,
          "attributes": {
            "compartment_id": "ocid1.compartment.oc1..aaaaaaaaqoyfpadcmcmxn6jdqgwbknsa6glxpxt2kuogddgn4qqknbttrmwa",
            "defined_tags": {
              "Oracle-Tags.CreatedBy": "default/joao.anderson.af@gmail.com",
              "Oracle-Tags.CreatedOn": "2024-09-17T02:25:44.510Z"
            },
            "display_name": "internet-gateway",
            "enabled": true,
            "freeform_tags": {
              "module": "oracle-terraform-modules/vcn/oci",
              "terraformed": "Please do not edit manually"
            },
            "id": "ocid1.internetgateway.oc1.sa-saopaulo-1.aaaaaaaao7tx5j3t5aiuy7l4ocz5ke7vvjhhh3hesuou7zkehwan2fzintka",
            "route_table_id": null,
            "state": "AVAILABLE",
            "time_created": "2024-09-17 02:25:44.549 +0000 UTC",
            "timeouts": null,
            "vcn_id": "ocid1.vcn.oc1.sa-saopaulo-1.amaaaaaayoypu6iaq6wzub2j63mvx3iifw3qyyqwdknto5l3ai7xxepwogua"
          },
          "sensitive_attributes": [],
          "private": "eyJlMmJmYjczMC1lY2FhLTExZTYtOGY4OC0zNDM2M2JjN2M0YzAiOnsiY3JlYXRlIjoxMjAwMDAwMDAwMDAwLCJkZWxldGUiOjEyMDAwMDAwMDAwMDAsInVwZGF0ZSI6MTIwMDAwMDAwMDAwMH19",
          "dependencies": [
            "module.vcn.oci_core_vcn.vcn",
            "oci_identity_compartment.apps-compartment",
            "oci_identity_compartment.apps-netw-compartment"
          ]
        }
      ]
    },
    {
      "module": "module.vcn",
      "mode": "managed",
      "type": "oci_core_nat_gateway",
      "name": "nat_gateway",
      "provider": "provider[\"registry.terraform.io/oracle/oci\"]",
      "instances": [
        {
          "index_key": 0,
          "schema_version": 0,
          "attributes": {
            "block_traffic": false,
            "compartment_id": "ocid1.compartment.oc1..aaaaaaaaqoyfpadcmcmxn6jdqgwbknsa6glxpxt2kuogddgn4qqknbttrmwa",
            "defined_tags": {
              "Oracle-Tags.CreatedBy": "default/joao.anderson.af@gmail.com",
              "Oracle-Tags.CreatedOn": "2024-09-17T02:25:44.547Z"
            },
            "display_name": "nat-gateway",
            "freeform_tags": {
              "module": "oracle-terraform-modules/vcn/oci",
              "terraformed": "Please do not edit manually"
            },
            "id": "ocid1.natgateway.oc1.sa-saopaulo-1.aaaaaaaamujegrb2z25zzhfkjkc66nasbefqpszj35fkkabc2mjgobwa2sra",
            "nat_ip": "152.70.213.35",
            "public_ip_id": "ocid1.publicip.oc1.sa-saopaulo-1.aaaaaaaajns6xmjbauwqimd2ec7qudjkmebckybszra3ci5bzmtigucpv5na",
            "route_table_id": null,
            "state": "AVAILABLE",
            "time_created": "2024-09-17 02:25:44.738 +0000 UTC",
            "timeouts": null,
            "vcn_id": "ocid1.vcn.oc1.sa-saopaulo-1.amaaaaaayoypu6iaq6wzub2j63mvx3iifw3qyyqwdknto5l3ai7xxepwogua"
          },
          "sensitive_attributes": [],
          "private": "eyJlMmJmYjczMC1lY2FhLTExZTYtOGY4OC0zNDM2M2JjN2M0YzAiOnsiY3JlYXRlIjoxMjAwMDAwMDAwMDAwLCJkZWxldGUiOjEyMDAwMDAwMDAwMDAsInVwZGF0ZSI6MTIwMDAwMDAwMDAwMH19",
          "dependencies": [
            "module.vcn.oci_core_vcn.vcn",
            "oci_identity_compartment.apps-compartment",
            "oci_identity_compartment.apps-netw-compartment"
          ]
        }
      ]
    },
    {
      "module": "module.vcn",
      "mode": "managed",
      "type": "oci_core_route_table",
      "name": "ig",
      "provider": "provider[\"registry.terraform.io/oracle/oci\"]",
      "instances": [
        {
          "index_key": 0,
          "schema_version": 0,
          "attributes": {
            "compartment_id": "ocid1.compartment.oc1..aaaaaaaaqoyfpadcmcmxn6jdqgwbknsa6glxpxt2kuogddgn4qqknbttrmwa",
            "defined_tags": {
              "Oracle-Tags.CreatedBy": "default/joao.anderson.af@gmail.com",
              "Oracle-Tags.CreatedOn": "2024-09-17T02:25:45.153Z"
            },
            "display_name": "internet-route",
            "freeform_tags": {
              "module": "oracle-terraform-modules/vcn/oci",
              "terraformed": "Please do not edit manually"
            },
            "id": "ocid1.routetable.oc1.sa-saopaulo-1.aaaaaaaabmdt66nvzij2a57qy2kaa4ordk22uiukqyl6pvziobs3vlq4pela",
            "route_rules": [
              {
                "cidr_block": "",
                "description": "Terraformed - Auto-generated at Internet Gateway creation: Internet Gateway as default gateway",
                "destination": "0.0.0.0/0",
                "destination_type": "CIDR_BLOCK",
                "network_entity_id": "ocid1.internetgateway.oc1.sa-saopaulo-1.aaaaaaaao7tx5j3t5aiuy7l4ocz5ke7vvjhhh3hesuou7zkehwan2fzintka",
                "route_type": ""
              }
            ],
            "state": "AVAILABLE",
            "time_created": "2024-09-17 02:25:45.179 +0000 UTC",
            "timeouts": null,
            "vcn_id": "ocid1.vcn.oc1.sa-saopaulo-1.amaaaaaayoypu6iaq6wzub2j63mvx3iifw3qyyqwdknto5l3ai7xxepwogua"
          },
          "sensitive_attributes": [],
          "private": "eyJlMmJmYjczMC1lY2FhLTExZTYtOGY4OC0zNDM2M2JjN2M0YzAiOnsiY3JlYXRlIjoxMjAwMDAwMDAwMDAwLCJkZWxldGUiOjEyMDAwMDAwMDAwMDAsInVwZGF0ZSI6MTIwMDAwMDAwMDAwMH19",
          "dependencies": [
            "module.vcn.oci_core_internet_gateway.ig",
            "module.vcn.oci_core_local_peering_gateway.lpg",
            "module.vcn.oci_core_vcn.vcn",
            "oci_identity_compartment.apps-compartment",
            "oci_identity_compartment.apps-netw-compartment"
          ]
        }
      ]
    },
    {
      "module": "module.vcn",
      "mode": "managed",
      "type": "oci_core_route_table",
      "name": "nat",
      "provider": "provider[\"registry.terraform.io/oracle/oci\"]",
      "instances": [
        {
          "index_key": 0,
          "schema_version": 0,
          "attributes": {
            "compartment_id": "ocid1.compartment.oc1..aaaaaaaaqoyfpadcmcmxn6jdqgwbknsa6glxpxt2kuogddgn4qqknbttrmwa",
            "defined_tags": {
              "Oracle-Tags.CreatedBy": "default/joao.anderson.af@gmail.com",
              "Oracle-Tags.CreatedOn": "2024-09-17T02:25:47.112Z"
            },
            "display_name": "nat-route",
            "freeform_tags": {
              "module": "oracle-terraform-modules/vcn/oci",
              "terraformed": "Please do not edit manually"
            },
            "id": "ocid1.routetable.oc1.sa-saopaulo-1.aaaaaaaajyfxp3ugviqrhvqduhbaq4up2bjd2hcjdelenvqg6f67kye43f7a",
            "route_rules": [
              {
                "cidr_block": "",
                "description": "Terraformed - Auto-generated at NAT Gateway creation: NAT Gateway as default gateway",
                "destination": "0.0.0.0/0",
                "destination_type": "CIDR_BLOCK",
                "network_entity_id": "ocid1.natgateway.oc1.sa-saopaulo-1.aaaaaaaamujegrb2z25zzhfkjkc66nasbefqpszj35fkkabc2mjgobwa2sra",
                "route_type": ""
              },
              {
                "cidr_block": "",
                "description": "Terraformed - Auto-generated at Service Gateway creation: All Services in region to Service Gateway",
                "destination": "all-gru-services-in-oracle-services-network",
                "destination_type": "SERVICE_CIDR_BLOCK",
                "network_entity_id": "ocid1.servicegateway.oc1.sa-saopaulo-1.aaaaaaaaqmocbjn4u2bcemimtwcvq2qcyjmij7cv2la3pyjxtdg7xvflegua",
                "route_type": ""
              }
            ],
            "state": "AVAILABLE",
            "time_created": "2024-09-17 02:25:47.165 +0000 UTC",
            "timeouts": null,
            "vcn_id": "ocid1.vcn.oc1.sa-saopaulo-1.amaaaaaayoypu6iaq6wzub2j63mvx3iifw3qyyqwdknto5l3ai7xxepwogua"
          },
          "sensitive_attributes": [],
          "private": "eyJlMmJmYjczMC1lY2FhLTExZTYtOGY4OC0zNDM2M2JjN2M0YzAiOnsiY3JlYXRlIjoxMjAwMDAwMDAwMDAwLCJkZWxldGUiOjEyMDAwMDAwMDAwMDAsInVwZGF0ZSI6MTIwMDAwMDAwMDAwMH19",
          "dependencies": [
            "module.vcn.data.oci_core_services.all_oci_services",
            "module.vcn.oci_core_local_peering_gateway.lpg",
            "module.vcn.oci_core_nat_gateway.nat_gateway",
            "module.vcn.oci_core_service_gateway.service_gateway",
            "module.vcn.oci_core_vcn.vcn",
            "oci_identity_compartment.apps-compartment",
            "oci_identity_compartment.apps-netw-compartment"
          ]
        }
      ]
    },
    {
      "module": "module.vcn",
      "mode": "managed",
      "type": "oci_core_route_table",
      "name": "service_gw",
      "provider": "provider[\"registry.terraform.io/oracle/oci\"]",
      "instances": [
        {
          "index_key": 0,
          "schema_version": 0,
          "attributes": {
            "compartment_id": "ocid1.compartment.oc1..aaaaaaaaqoyfpadcmcmxn6jdqgwbknsa6glxpxt2kuogddgn4qqknbttrmwa",
            "defined_tags": {
              "Oracle-Tags.CreatedBy": "default/joao.anderson.af@gmail.com",
              "Oracle-Tags.CreatedOn": "2024-09-17T02:25:47.046Z"
            },
            "display_name": "service-gw-route",
            "freeform_tags": {
              "module": "oracle-terraform-modules/vcn/oci",
              "terraformed": "Please do not edit manually"
            },
            "id": "ocid1.routetable.oc1.sa-saopaulo-1.aaaaaaaax2pivwkw3xhhlfv3hbl34j5jdieeltbkglz26m7n6lomtiaafb6a",
            "route_rules": [
              {
                "cidr_block": "",
                "description": "Terraformed - Auto-generated at Service Gateway creation: All Services in region to Service Gateway",
                "destination": "all-gru-services-in-oracle-services-network",
                "destination_type": "SERVICE_CIDR_BLOCK",
                "network_entity_id": "ocid1.servicegateway.oc1.sa-saopaulo-1.aaaaaaaaqmocbjn4u2bcemimtwcvq2qcyjmij7cv2la3pyjxtdg7xvflegua",
                "route_type": ""
              }
            ],
            "state": "AVAILABLE",
            "time_created": "2024-09-17 02:25:47.071 +0000 UTC",
            "timeouts": null,
            "vcn_id": "ocid1.vcn.oc1.sa-saopaulo-1.amaaaaaayoypu6iaq6wzub2j63mvx3iifw3qyyqwdknto5l3ai7xxepwogua"
          },
          "sensitive_attributes": [],
          "private": "eyJlMmJmYjczMC1lY2FhLTExZTYtOGY4OC0zNDM2M2JjN2M0YzAiOnsiY3JlYXRlIjoxMjAwMDAwMDAwMDAwLCJkZWxldGUiOjEyMDAwMDAwMDAwMDAsInVwZGF0ZSI6MTIwMDAwMDAwMDAwMH19",
          "dependencies": [
            "module.vcn.data.oci_core_services.all_oci_services",
            "module.vcn.oci_core_service_gateway.service_gateway",
            "module.vcn.oci_core_vcn.vcn",
            "oci_identity_compartment.apps-compartment",
            "oci_identity_compartment.apps-netw-compartment"
          ]
        }
      ]
    },
    {
      "module": "module.vcn",
      "mode": "managed",
      "type": "oci_core_service_gateway",
      "name": "service_gateway",
      "provider": "provider[\"registry.terraform.io/oracle/oci\"]",
      "instances": [
        {
          "index_key": 0,
          "schema_version": 0,
          "attributes": {
            "block_traffic": false,
            "compartment_id": "ocid1.compartment.oc1..aaaaaaaaqoyfpadcmcmxn6jdqgwbknsa6glxpxt2kuogddgn4qqknbttrmwa",
            "defined_tags": {
              "Oracle-Tags.CreatedBy": "default/joao.anderson.af@gmail.com",
              "Oracle-Tags.CreatedOn": "2024-09-17T02:25:44.564Z"
            },
            "display_name": "service-gateway",
            "freeform_tags": {
              "module": "oracle-terraform-modules/vcn/oci",
              "terraformed": "Please do not edit manually"
            },
            "id": "ocid1.servicegateway.oc1.sa-saopaulo-1.aaaaaaaaqmocbjn4u2bcemimtwcvq2qcyjmij7cv2la3pyjxtdg7xvflegua",
            "route_table_id": null,
            "services": [
              {
                "service_id": "ocid1.service.oc1.sa-saopaulo-1.aaaaaaaacd57uig6rzxm2qfipukbqpje2bhztqszh3aj7zk2jtvf6gvntena",
                "service_name": "All GRU Services In Oracle Services Network"
              }
            ],
            "state": "AVAILABLE",
            "time_created": "2024-09-17 02:25:46.002 +0000 UTC",
            "timeouts": null,
            "vcn_id": "ocid1.vcn.oc1.sa-saopaulo-1.amaaaaaayoypu6iaq6wzub2j63mvx3iifw3qyyqwdknto5l3ai7xxepwogua"
          },
          "sensitive_attributes": [],
          "private": "eyJlMmJmYjczMC1lY2FhLTExZTYtOGY4OC0zNDM2M2JjN2M0YzAiOnsiY3JlYXRlIjoxMjAwMDAwMDAwMDAwLCJkZWxldGUiOjEyMDAwMDAwMDAwMDAsInVwZGF0ZSI6MTIwMDAwMDAwMDAwMH19",
          "dependencies": [
            "module.vcn.data.oci_core_services.all_oci_services",
            "module.vcn.oci_core_vcn.vcn",
            "oci_identity_compartment.apps-compartment",
            "oci_identity_compartment.apps-netw-compartment"
          ]
        }
      ]
    },
    {
      "module": "module.vcn",
      "mode": "managed",
      "type": "oci_core_vcn",
      "name": "vcn",
      "provider": "provider[\"registry.terraform.io/oracle/oci\"]",
      "instances": [
        {
          "schema_version": 0,
          "attributes": {
            "byoipv6cidr_blocks": [],
            "byoipv6cidr_details": null,
            "cidr_block": "10.0.0.0/16",
            "cidr_blocks": [
              "10.0.0.0/16"
            ],
            "compartment_id": "ocid1.compartment.oc1..aaaaaaaaqoyfpadcmcmxn6jdqgwbknsa6glxpxt2kuogddgn4qqknbttrmwa",
            "default_dhcp_options_id": "ocid1.dhcpoptions.oc1.sa-saopaulo-1.aaaaaaaaq5dehqadhlhqrtm5smox67c37kkmrrn6q3b7nsbnzilpnsqh5upa",
            "default_route_table_id": "ocid1.routetable.oc1.sa-saopaulo-1.aaaaaaaaykst7pnsxc3znb2ldmvwuhh77bjd2hjj5ymlnjub36kun6zqbxxq",
            "default_security_list_id": "ocid1.securitylist.oc1.sa-saopaulo-1.aaaaaaaarvx7k4techylacq66kvj7m2enees7y4look5xxon7nq6uctmjzha",
            "defined_tags": {
              "Oracle-Tags.CreatedBy": "default/joao.anderson.af@gmail.com",
              "Oracle-Tags.CreatedOn": "2024-09-17T02:25:43.609Z"
            },
            "display_name": "vcn-apps",
            "dns_label": "apps",
            "freeform_tags": {
              "module": "oracle-terraform-modules/vcn/oci",
              "terraformed": "Please do not edit manually"
            },
            "id": "ocid1.vcn.oc1.sa-saopaulo-1.amaaaaaayoypu6iaq6wzub2j63mvx3iifw3qyyqwdknto5l3ai7xxepwogua",
            "ipv6cidr_blocks": [],
            "ipv6private_cidr_blocks": [],
            "is_ipv6enabled": false,
            "is_oracle_gua_allocation_enabled": null,
            "state": "AVAILABLE",
            "time_created": "2024-09-17 02:25:43.692 +0000 UTC",
            "timeouts": null,
            "vcn_domain_name": "apps.oraclevcn.com"
          },
          "sensitive_attributes": [],
          "private": "eyJlMmJmYjczMC1lY2FhLTExZTYtOGY4OC0zNDM2M2JjN2M0YzAiOnsiY3JlYXRlIjoxMjAwMDAwMDAwMDAwLCJkZWxldGUiOjEyMDAwMDAwMDAwMDAsInVwZGF0ZSI6MTIwMDAwMDAwMDAwMH19",
          "dependencies": [
            "oci_identity_compartment.apps-compartment",
            "oci_identity_compartment.apps-netw-compartment"
          ]
        }
      ]
    }
  ],
  "check_results": [
    {
      "object_kind": "var",
      "config_addr": "module.vcn.var.internet_gateway_display_name",
      "status": "pass",
      "objects": [
        {
          "object_addr": "module.vcn.var.internet_gateway_display_name",
          "status": "pass"
        }
      ]
    },
    {
      "object_kind": "var",
      "config_addr": "module.vcn.var.service_gateway_display_name",
      "status": "pass",
      "objects": [
        {
          "object_addr": "module.vcn.var.service_gateway_display_name",
          "status": "pass"
        }
      ]
    },
    {
      "object_kind": "var",
      "config_addr": "module.vcn.var.vcn_dns_label",
      "status": "pass",
      "objects": [
        {
          "object_addr": "module.vcn.var.vcn_dns_label",
          "status": "pass"
        }
      ]
    },
    {
      "object_kind": "var",
      "config_addr": "module.vcn.var.nat_gateway_display_name",
      "status": "pass",
      "objects": [
        {
          "object_addr": "module.vcn.var.nat_gateway_display_name",
          "status": "pass"
        }
      ]
    },
    {
      "object_kind": "var",
      "config_addr": "module.vcn.var.vcn_name",
      "status": "pass",
      "objects": [
        {
          "object_addr": "module.vcn.var.vcn_name",
          "status": "pass"
        }
      ]
    }
  ]
}
